// !$*UTF8*$!
{
	archiveVersion = 1;
	classes = {
	};
	objectVersion = 60;
	objects = {

/* Begin PBXBuildFile section */
		12A200000000000000000009 /* UnitFormatter.swift in Sources */ = {isa = PBXBuildFile; fileRef = 12A200000000000000000001 /* UnitFormatter.swift */; };
		12A20000000000000000000A /* UnitFormatter.swift in Sources */ = {isa = PBXBuildFile; fileRef = 12A200000000000000000001 /* UnitFormatter.swift */; };
		12A20000000000000000000B /* UnitFormatter.swift in Sources */ = {isa = PBXBuildFile; fileRef = 12A200000000000000000001 /* UnitFormatter.swift */; };
		12A20000000000000000000C /* NumberFormatter+SkateTrack.swift in Sources */ = {isa = PBXBuildFile; fileRef = 12A200000000000000000002 /* NumberFormatter+SkateTrack.swift */; };
		12A20000000000000000000D /* NumberFormatter+SkateTrack.swift in Sources */ = {isa = PBXBuildFile; fileRef = 12A200000000000000000002 /* NumberFormatter+SkateTrack.swift */; };
		12A20000000000000000000E /* NumberFormatter+SkateTrack.swift in Sources */ = {isa = PBXBuildFile; fileRef = 12A200000000000000000002 /* NumberFormatter+SkateTrack.swift */; };
		12A20000000000000000000F /* Localizable.strings in Resources */ = {isa = PBXBuildFile; fileRef = 12A200000000000000000005 /* Localizable.strings */; };
		12A200000000000000000010 /* Localizable.strings in Resources */ = {isa = PBXBuildFile; fileRef = 12A200000000000000000005 /* Localizable.strings */; };
		12A200000000000000000011 /* Localizable.strings in Resources */ = {isa = PBXBuildFile; fileRef = 12A200000000000000000005 /* Localizable.strings */; };
		12A300000000000000000101 /* SessionData.swift in Sources */ = {isa = PBXBuildFile; fileRef = 12A300000000000000000001 /* SessionData.swift */; };
		12A300000000000000000102 /* SessionData.swift in Sources */ = {isa = PBXBuildFile; fileRef = 12A300000000000000000001 /* SessionData.swift */; };
		12A300000000000000000103 /* SessionData.swift in Sources */ = {isa = PBXBuildFile; fileRef = 12A300000000000000000001 /* SessionData.swift */; };
		12A300000000000000000104 /* SportMode.swift in Sources */ = {isa = PBXBuildFile; fileRef = 12A300000000000000000002 /* SportMode.swift */; };
		12A300000000000000000105 /* SportMode.swift in Sources */ = {isa = PBXBuildFile; fileRef = 12A300000000000000000002 /* SportMode.swift */; };
		12A300000000000000000106 /* SportMode.swift in Sources */ = {isa = PBXBuildFile; fileRef = 12A300000000000000000002 /* SportMode.swift */; };
		12A300000000000000000107 /* PowerType.swift in Sources */ = {isa = PBXBuildFile; fileRef = 12A300000000000000000003 /* PowerType.swift */; };
		12A300000000000000000108 /* PowerType.swift in Sources */ = {isa = PBXBuildFile; fileRef = 12A300000000000000000003 /* PowerType.swift */; };
		12A300000000000000000109 /* PowerType.swift in Sources */ = {isa = PBXBuildFile; fileRef = 12A300000000000000000003 /* PowerType.swift */; };
		12A30000000000000000010A /* MotionSample.swift in Sources */ = {isa = PBXBuildFile; fileRef = 12A300000000000000000004 /* MotionSample.swift */; };
		12A30000000000000000010B /* MotionSample.swift in Sources */ = {isa = PBXBuildFile; fileRef = 12A300000000000000000004 /* MotionSample.swift */; };
		12A30000000000000000010C /* MotionSample.swift in Sources */ = {isa = PBXBuildFile; fileRef = 12A300000000000000000004 /* MotionSample.swift */; };
		12A30000000000000000010D /* TrickEvent.swift in Sources */ = {isa = PBXBuildFile; fileRef = 12A300000000000000000005 /* TrickEvent.swift */; };
		12A30000000000000000010E /* TrickEvent.swift in Sources */ = {isa = PBXBuildFile; fileRef = 12A300000000000000000005 /* TrickEvent.swift */; };
		12A30000000000000000010F /* TrickEvent.swift in Sources */ = {isa = PBXBuildFile; fileRef = 12A300000000000000000005 /* TrickEvent.swift */; };
		12A300000000000000000110 /* FallEvent.swift in Sources */ = {isa = PBXBuildFile; fileRef = 12A300000000000000000006 /* FallEvent.swift */; };
		12A300000000000000000111 /* FallEvent.swift in Sources */ = {isa = PBXBuildFile; fileRef = 12A300000000000000000006 /* FallEvent.swift */; };
		12A300000000000000000112 /* FallEvent.swift in Sources */ = {isa = PBXBuildFile; fileRef = 12A300000000000000000006 /* FallEvent.swift */; };
		12A300000000000000000113 /* EquipmentProfile.swift in Sources */ = {isa = PBXBuildFile; fileRef = 12A300000000000000000007 /* EquipmentProfile.swift */; };
		12A300000000000000000114 /* EquipmentProfile.swift in Sources */ = {isa = PBXBuildFile; fileRef = 12A300000000000000000007 /* EquipmentProfile.swift */; };
		12A300000000000000000115 /* EquipmentProfile.swift in Sources */ = {isa = PBXBuildFile; fileRef = 12A300000000000000000007 /* EquipmentProfile.swift */; };
		12A300000000000000000116 /* SpotProfile.swift in Sources */ = {isa = PBXBuildFile; fileRef = 12A300000000000000000008 /* SpotProfile.swift */; };
		12A300000000000000000117 /* SpotProfile.swift in Sources */ = {isa = PBXBuildFile; fileRef = 12A300000000000000000008 /* SpotProfile.swift */; };
		12A300000000000000000118 /* SpotProfile.swift in Sources */ = {isa = PBXBuildFile; fileRef = 12A300000000000000000008 /* SpotProfile.swift */; };
		12A300000000000000000119 /* SensorProvider.swift in Sources */ = {isa = PBXBuildFile; fileRef = 12A300000000000000000009 /* SensorProvider.swift */; };
		12A30000000000000000011A /* SensorProvider.swift in Sources */ = {isa = PBXBuildFile; fileRef = 12A300000000000000000009 /* SensorProvider.swift */; };
		12A30000000000000000011B /* SensorProvider.swift in Sources */ = {isa = PBXBuildFile; fileRef = 12A300000000000000000009 /* SensorProvider.swift */; };
		12A30000000000000000011C /* SyncProvider.swift in Sources */ = {isa = PBXBuildFile; fileRef = 12A30000000000000000000A /* SyncProvider.swift */; };
		12A30000000000000000011D /* SyncProvider.swift in Sources */ = {isa = PBXBuildFile; fileRef = 12A30000000000000000000A /* SyncProvider.swift */; };
		12A30000000000000000011E /* SyncProvider.swift in Sources */ = {isa = PBXBuildFile; fileRef = 12A30000000000000000000A /* SyncProvider.swift */; };
		12A400000000000000000101 /* FeatureFlags.swift in Sources */ = {isa = PBXBuildFile; fileRef = 12A400000000000000000001 /* FeatureFlags.swift */; };
		12A400000000000000000102 /* FeatureFlags.swift in Sources */ = {isa = PBXBuildFile; fileRef = 12A400000000000000000001 /* FeatureFlags.swift */; };
		12A400000000000000000103 /* FeatureFlags.swift in Sources */ = {isa = PBXBuildFile; fileRef = 12A400000000000000000001 /* FeatureFlags.swift */; };
		12A400000000000000000104 /* FeatureFlagEngine.swift in Sources */ = {isa = PBXBuildFile; fileRef = 12A400000000000000000002 /* FeatureFlagEngine.swift */; };
		12A400000000000000000105 /* useSubscriptionStatus.swift in Sources */ = {isa = PBXBuildFile; fileRef = 12A400000000000000000003 /* useSubscriptionStatus.swift */; };
		12A600000000000000000101 /* GPSProvider.swift in Sources */ = {isa = PBXBuildFile; fileRef = 12A600000000000000000001 /* GPSProvider.swift */; };
		12A600000000000000000102 /* GPSAuthorizationHandler.swift in Sources */ = {isa = PBXBuildFile; fileRef = 12A600000000000000000002 /* GPSAuthorizationHandler.swift */; };
		12A600000000000000000103 /* InfoPlist.strings in Resources */ = {isa = PBXBuildFile; fileRef = 12A600000000000000000005 /* InfoPlist.strings */; };
		12A700000000000000000101 /* IMUProvider.swift in Sources */ = {isa = PBXBuildFile; fileRef = 12A700000000000000000001 /* IMUProvider.swift */; };
		12A800000000000000000101 /* BarometerProvider.swift in Sources */ = {isa = PBXBuildFile; fileRef = 12A800000000000000000001 /* BarometerProvider.swift */; };
		12A900000000000000000101 /* SensorFusionEngine.swift in Sources */ = {isa = PBXBuildFile; fileRef = 12A900000000000000000001 /* SensorFusionEngine.swift */; };
		12A900000000000000000102 /* SensorCalibrationEngine.swift in Sources */ = {isa = PBXBuildFile; fileRef = 12A900000000000000000002 /* SensorCalibrationEngine.swift */; };
		12AA00000000000000000101 /* FallDetectionEngine.swift in Sources */ = {isa = PBXBuildFile; fileRef = 12AA00000000000000000001 /* FallDetectionEngine.swift */; };
		12AB01000000000000000101 /* SessionStateMachine.swift in Sources */ = {isa = PBXBuildFile; fileRef = 12AB01000000000000000001 /* SessionStateMachine.swift */; };
		12AB02000000000000000101 /* SessionMetricsAccumulator.swift in Sources */ = {isa = PBXBuildFile; fileRef = 12AB02000000000000000001 /* SessionMetricsAccumulator.swift */; };
		12AB03000000000000000101 /* SessionRecordingCoordinator.swift in Sources */ = {isa = PBXBuildFile; fileRef = 12AB03000000000000000001 /* SessionRecordingCoordinator.swift */; };
		12AB04000000000000000101 /* useSessionRecording.swift in Sources */ = {isa = PBXBuildFile; fileRef = 12AB04000000000000000001 /* useSessionRecording.swift */; };
		12AB05000000000000000101 /* SessionSummaryMetrics.swift in Sources */ = {isa = PBXBuildFile; fileRef = 12AB05000000000000000001 /* SessionSummaryMetrics.swift */; };
		12AB05000000000000000102 /* SessionSummaryMetrics.swift in Sources */ = {isa = PBXBuildFile; fileRef = 12AB05000000000000000001 /* SessionSummaryMetrics.swift */; };
		12AB05000000000000000103 /* SessionSummaryMetrics.swift in Sources */ = {isa = PBXBuildFile; fileRef = 12AB05000000000000000001 /* SessionSummaryMetrics.swift */; };
		12AC01000000000000000101 /* SessionRecordingCoordinatorTests.swift in Sources */ = {isa = PBXBuildFile; fileRef = 12AC01000000000000000001 /* SessionRecordingCoordinatorTests.swift */; };
		12AD01000000000000000101 /* RootNavigationView.swift in Sources */ = {isa = PBXBuildFile; fileRef = 12AD01000000000000000001 /* RootNavigationView.swift */; };
		12AD02000000000000000101 /* SessionStartView.swift in Sources */ = {isa = PBXBuildFile; fileRef = 12AD02000000000000000001 /* SessionStartView.swift */; };
		12AD03000000000000000101 /* SportCategoryPickerView.swift in Sources */ = {isa = PBXBuildFile; fileRef = 12AD03000000000000000001 /* SportCategoryPickerView.swift */; };
		12AD04000000000000000101 /* BoardModeSelectorView.swift in Sources */ = {isa = PBXBuildFile; fileRef = 12AD04000000000000000001 /* BoardModeSelectorView.swift */; };
		12AD05000000000000000101 /* InlineModeSelectorView.swift in Sources */ = {isa = PBXBuildFile; fileRef = 12AD05000000000000000001 /* InlineModeSelectorView.swift */; };
		12AD06000000000000000101 /* PowerTypeToggleView.swift in Sources */ = {isa = PBXBuildFile; fileRef = 12AD06000000000000000001 /* PowerTypeToggleView.swift */; };
		12AD07000000000000000101 /* ModeSelectionCardView.swift in Sources */ = {isa = PBXBuildFile; fileRef = 12AD07000000000000000001 /* ModeSelectionCardView.swift */; };
		12AD08000000000000000101 /* StartSessionCTAView.swift in Sources */ = {isa = PBXBuildFile; fileRef = 12AD08000000000000000001 /* StartSessionCTAView.swift */; };
		12AE01000000000000000101 /* LiveHUDView.swift in Sources */ = {isa = PBXBuildFile; fileRef = 12AE01000000000000000001 /* LiveHUDView.swift */; };
		12AE02000000000000000101 /* LiveHUDMetricCardView.swift in Sources */ = {isa = PBXBuildFile; fileRef = 12AE02000000000000000001 /* LiveHUDMetricCardView.swift */; };
		12AE03000000000000000101 /* LiveSpeedDisplayView.swift in Sources */ = {isa = PBXBuildFile; fileRef = 12AE03000000000000000001 /* LiveSpeedDisplayView.swift */; };
		12AE04000000000000000101 /* TiltIndicatorView.swift in Sources */ = {isa = PBXBuildFile; fileRef = 12AE04000000000000000001 /* TiltIndicatorView.swift */; };
		12AE05000000000000000101 /* MiniRouteMapView.swift in Sources */ = {isa = PBXBuildFile; fileRef = 12AE05000000000000000001 /* MiniRouteMapView.swift */; };
		12AE06000000000000000101 /* SlideToEndSessionControl.swift in Sources */ = {isa = PBXBuildFile; fileRef = 12AE06000000000000000001 /* SlideToEndSessionControl.swift */; };
		12AE07000000000000000101 /* InlineLiveMetricsView.swift in Sources */ = {isa = PBXBuildFile; fileRef = 12AE07000000000000000001 /* InlineLiveMetricsView.swift */; };
		13AF01000000000000000101 /* Assets.xcassets in Resources */ = {isa = PBXBuildFile; fileRef = 13AF01000000000000000001 /* Assets.xcassets */; };
		13AF02000000000000000101 /* Assets.xcassets in Resources */ = {isa = PBXBuildFile; fileRef = 13AF02000000000000000001 /* Assets.xcassets */; };
		13AF03000000000000000101 /* Assets.xcassets in Resources */ = {isa = PBXBuildFile; fileRef = 13AF03000000000000000001 /* Assets.xcassets */; };
		13AF04000000000000000101 /* SkateTrack.icns in Resources */ = {isa = PBXBuildFile; fileRef = 13AF04000000000000000001 /* SkateTrack.icns */; };
		13B001000000000000000101 /* (null) in Resources */ = {isa = PBXBuildFile; };
		14A000000000000000000101 /* SOSTriggerEvent.swift in Sources */ = {isa = PBXBuildFile; fileRef = 14A000000000000000000001 /* SOSTriggerEvent.swift */; };
		14A000000000000000000102 /* SOSTriggerEvent.swift in Sources */ = {isa = PBXBuildFile; fileRef = 14A000000000000000000001 /* SOSTriggerEvent.swift */; };
		14A000000000000000000103 /* SOSTriggerEvent.swift in Sources */ = {isa = PBXBuildFile; fileRef = 14A000000000000000000001 /* SOSTriggerEvent.swift */; };
		14A100000000000000000101 /* SOSEventDispatcher.swift in Sources */ = {isa = PBXBuildFile; fileRef = 14A100000000000000000001 /* SOSEventDispatcher.swift */; };
		14A101000000000000000101 /* SessionRecordingCoordinator+FallSafety.swift in Sources */ = {isa = PBXBuildFile; fileRef = 14A101000000000000000001 /* SessionRecordingCoordinator+FallSafety.swift */; };
		14A200000000000000000101 /* useFallDetection.swift in Sources */ = {isa = PBXBuildFile; fileRef = 14A200000000000000000001 /* useFallDetection.swift */; };
		14A300000000000000000101 /* FallDetectionAlertView.swift in Sources */ = {isa = PBXBuildFile; fileRef = 14A300000000000000000001 /* FallDetectionAlertView.swift */; };
		14A300000000000000000102 /* FallDetectionOverlayPresenter.swift in Sources */ = {isa = PBXBuildFile; fileRef = 14A300000000000000000002 /* FallDetectionOverlayPresenter.swift */; };
		14A400000000000000000101 /* LiveSpeedTraceView.swift in Sources */ = {isa = PBXBuildFile; fileRef = 14A400000000000000000001 /* LiveSpeedTraceView.swift */; };
		261DE15AD20A8E84D69AE21D /* SkateTrackMacApp.swift in Sources */ = {isa = PBXBuildFile; fileRef = 6DCBF0B258C0606469DD1AA3 /* SkateTrackMacApp.swift */; };
		39B60F8F07E5CB037565CB72 /* AppConstants.swift in Sources */ = {isa = PBXBuildFile; fileRef = 7F7BF9BD18DF80222D528D3C /* AppConstants.swift */; };
		4B757BBB72A1EFB7D86BCE02 /* SkateTrackWatchApp.swift in Sources */ = {isa = PBXBuildFile; fileRef = 6B9FEAB0565C78C0A163ECF7 /* SkateTrackWatchApp.swift */; };
		6DD447ACB8B935A72A7989B5 /* AppConstants.swift in Sources */ = {isa = PBXBuildFile; fileRef = 7F7BF9BD18DF80222D528D3C /* AppConstants.swift */; };
		A5EDE9E266C22891B6E0BDBA /* SkateTrackApp.swift in Sources */ = {isa = PBXBuildFile; fileRef = A991274AD53212097B6F7721 /* SkateTrackApp.swift */; };
		BF27EA674B71CDCF634EDDA7 /* AppConstants.swift in Sources */ = {isa = PBXBuildFile; fileRef = 7F7BF9BD18DF80222D528D3C /* AppConstants.swift */; };
/* End PBXBuildFile section */

/* Begin PBXContainerItemProxy section */
		12AC00000000000000000601 /* PBXContainerItemProxy */ = {
			isa = PBXContainerItemProxy;
			containerPortal = 0F7C355FAF8ABA9345D359A0 /* Project object */;
			proxyType = 1;
			remoteGlobalIDString = F5A9DC98C215C4019ED77B35;
			remoteInfo = "SkateTrack-iOS";
		};
/* End PBXContainerItemProxy section */

/* Begin PBXFileReference section */
		12A200000000000000000001 /* UnitFormatter.swift */ = {isa = PBXFileReference; lastKnownFileType = sourcecode.swift; path = UnitFormatter.swift; sourceTree = "<group>"; };
		12A200000000000000000002 /* NumberFormatter+SkateTrack.swift */ = {isa = PBXFileReference; lastKnownFileType = sourcecode.swift; path = "NumberFormatter+SkateTrack.swift"; sourceTree = "<group>"; };
		12A200000000000000000003 /* en */ = {isa = PBXFileReference; lastKnownFileType = text.plist.strings; name = en; path = en.lproj/Localizable.strings; sourceTree = "<group>"; };
		12A200000000000000000004 /* zh-Hant */ = {isa = PBXFileReference; lastKnownFileType = text.plist.strings; name = "zh-Hant"; path = "zh-Hant.lproj/Localizable.strings"; sourceTree = "<group>"; };
		12A300000000000000000001 /* SessionData.swift */ = {isa = PBXFileReference; lastKnownFileType = sourcecode.swift; path = SessionData.swift; sourceTree = "<group>"; };
		12A300000000000000000002 /* SportMode.swift */ = {isa = PBXFileReference; lastKnownFileType = sourcecode.swift; path = SportMode.swift; sourceTree = "<group>"; };
		12A300000000000000000003 /* PowerType.swift */ = {isa = PBXFileReference; lastKnownFileType = sourcecode.swift; path = PowerType.swift; sourceTree = "<group>"; };
		12A300000000000000000004 /* MotionSample.swift */ = {isa = PBXFileReference; lastKnownFileType = sourcecode.swift; path = MotionSample.swift; sourceTree = "<group>"; };
		12A300000000000000000005 /* TrickEvent.swift */ = {isa = PBXFileReference; lastKnownFileType = sourcecode.swift; path = TrickEvent.swift; sourceTree = "<group>"; };
		12A300000000000000000006 /* FallEvent.swift */ = {isa = PBXFileReference; lastKnownFileType = sourcecode.swift; path = FallEvent.swift; sourceTree = "<group>"; };
		12A300000000000000000007 /* EquipmentProfile.swift */ = {isa = PBXFileReference; lastKnownFileType = sourcecode.swift; path = EquipmentProfile.swift; sourceTree = "<group>"; };
		12A300000000000000000008 /* SpotProfile.swift */ = {isa = PBXFileReference; lastKnownFileType = sourcecode.swift; path = SpotProfile.swift; sourceTree = "<group>"; };
		12A300000000000000000009 /* SensorProvider.swift */ = {isa = PBXFileReference; lastKnownFileType = sourcecode.swift; path = SensorProvider.swift; sourceTree = "<group>"; };
		12A30000000000000000000A /* SyncProvider.swift */ = {isa = PBXFileReference; lastKnownFileType = sourcecode.swift; path = SyncProvider.swift; sourceTree = "<group>"; };
		12A400000000000000000001 /* FeatureFlags.swift */ = {isa = PBXFileReference; lastKnownFileType = sourcecode.swift; path = FeatureFlags.swift; sourceTree = "<group>"; };
		12A400000000000000000002 /* FeatureFlagEngine.swift */ = {isa = PBXFileReference; lastKnownFileType = sourcecode.swift; path = FeatureFlagEngine.swift; sourceTree = "<group>"; };
		12A400000000000000000003 /* useSubscriptionStatus.swift */ = {isa = PBXFileReference; lastKnownFileType = sourcecode.swift; path = useSubscriptionStatus.swift; sourceTree = "<group>"; };
		12A600000000000000000001 /* GPSProvider.swift */ = {isa = PBXFileReference; lastKnownFileType = sourcecode.swift; path = GPSProvider.swift; sourceTree = "<group>"; };
		12A600000000000000000002 /* GPSAuthorizationHandler.swift */ = {isa = PBXFileReference; lastKnownFileType = sourcecode.swift; path = GPSAuthorizationHandler.swift; sourceTree = "<group>"; };
		12A600000000000000000003 /* en */ = {isa = PBXFileReference; lastKnownFileType = text.plist.strings; name = en; path = en.lproj/InfoPlist.strings; sourceTree = "<group>"; };
		12A600000000000000000004 /* zh-Hant */ = {isa = PBXFileReference; lastKnownFileType = text.plist.strings; name = "zh-Hant"; path = "zh-Hant.lproj/InfoPlist.strings"; sourceTree = "<group>"; };
		12A700000000000000000001 /* IMUProvider.swift */ = {isa = PBXFileReference; lastKnownFileType = sourcecode.swift; path = IMUProvider.swift; sourceTree = "<group>"; };
		12A800000000000000000001 /* BarometerProvider.swift */ = {isa = PBXFileReference; lastKnownFileType = sourcecode.swift; path = BarometerProvider.swift; sourceTree = "<group>"; };
		12A900000000000000000001 /* SensorFusionEngine.swift */ = {isa = PBXFileReference; lastKnownFileType = sourcecode.swift; path = SensorFusionEngine.swift; sourceTree = "<group>"; };
		12A900000000000000000002 /* SensorCalibrationEngine.swift */ = {isa = PBXFileReference; lastKnownFileType = sourcecode.swift; path = SensorCalibrationEngine.swift; sourceTree = "<group>"; };
		12AA00000000000000000001 /* FallDetectionEngine.swift */ = {isa = PBXFileReference; lastKnownFileType = sourcecode.swift; path = FallDetectionEngine.swift; sourceTree = "<group>"; };
		12AB01000000000000000001 /* SessionStateMachine.swift */ = {isa = PBXFileReference; lastKnownFileType = sourcecode.swift; path = SessionStateMachine.swift; sourceTree = "<group>"; };
		12AB02000000000000000001 /* SessionMetricsAccumulator.swift */ = {isa = PBXFileReference; lastKnownFileType = sourcecode.swift; path = SessionMetricsAccumulator.swift; sourceTree = "<group>"; };
		12AB03000000000000000001 /* SessionRecordingCoordinator.swift */ = {isa = PBXFileReference; lastKnownFileType = sourcecode.swift; path = SessionRecordingCoordinator.swift; sourceTree = "<group>"; };
		12AB04000000000000000001 /* useSessionRecording.swift */ = {isa = PBXFileReference; lastKnownFileType = sourcecode.swift; path = useSessionRecording.swift; sourceTree = "<group>"; };
		12AB05000000000000000001 /* SessionSummaryMetrics.swift */ = {isa = PBXFileReference; lastKnownFileType = sourcecode.swift; path = SessionSummaryMetrics.swift; sourceTree = "<group>"; };
		12AC00000000000000000001 /* SkateTrack-iOSTests.xctest */ = {isa = PBXFileReference; explicitFileType = wrapper.cfbundle; includeInIndex = 0; path = "SkateTrack-iOSTests.xctest"; sourceTree = BUILT_PRODUCTS_DIR; };
		12AC01000000000000000001 /* SessionRecordingCoordinatorTests.swift */ = {isa = PBXFileReference; lastKnownFileType = sourcecode.swift; path = SessionRecordingCoordinatorTests.swift; sourceTree = "<group>"; };
		12AD01000000000000000001 /* RootNavigationView.swift */ = {isa = PBXFileReference; lastKnownFileType = sourcecode.swift; path = RootNavigationView.swift; sourceTree = "<group>"; };
		12AD02000000000000000001 /* SessionStartView.swift */ = {isa = PBXFileReference; lastKnownFileType = sourcecode.swift; path = SessionStartView.swift; sourceTree = "<group>"; };
		12AD03000000000000000001 /* SportCategoryPickerView.swift */ = {isa = PBXFileReference; lastKnownFileType = sourcecode.swift; path = SportCategoryPickerView.swift; sourceTree = "<group>"; };
		12AD04000000000000000001 /* BoardModeSelectorView.swift */ = {isa = PBXFileReference; lastKnownFileType = sourcecode.swift; path = BoardModeSelectorView.swift; sourceTree = "<group>"; };
		12AD05000000000000000001 /* InlineModeSelectorView.swift */ = {isa = PBXFileReference; lastKnownFileType = sourcecode.swift; path = InlineModeSelectorView.swift; sourceTree = "<group>"; };
		12AD06000000000000000001 /* PowerTypeToggleView.swift */ = {isa = PBXFileReference; lastKnownFileType = sourcecode.swift; path = PowerTypeToggleView.swift; sourceTree = "<group>"; };
		12AD07000000000000000001 /* ModeSelectionCardView.swift */ = {isa = PBXFileReference; lastKnownFileType = sourcecode.swift; path = ModeSelectionCardView.swift; sourceTree = "<group>"; };
		12AD08000000000000000001 /* StartSessionCTAView.swift */ = {isa = PBXFileReference; lastKnownFileType = sourcecode.swift; path = StartSessionCTAView.swift; sourceTree = "<group>"; };
		12AE01000000000000000001 /* LiveHUDView.swift */ = {isa = PBXFileReference; lastKnownFileType = sourcecode.swift; path = LiveHUDView.swift; sourceTree = "<group>"; };
		12AE02000000000000000001 /* LiveHUDMetricCardView.swift */ = {isa = PBXFileReference; lastKnownFileType = sourcecode.swift; path = LiveHUDMetricCardView.swift; sourceTree = "<group>"; };
		12AE03000000000000000001 /* LiveSpeedDisplayView.swift */ = {isa = PBXFileReference; lastKnownFileType = sourcecode.swift; path = LiveSpeedDisplayView.swift; sourceTree = "<group>"; };
		12AE04000000000000000001 /* TiltIndicatorView.swift */ = {isa = PBXFileReference; lastKnownFileType = sourcecode.swift; path = TiltIndicatorView.swift; sourceTree = "<group>"; };
		12AE05000000000000000001 /* MiniRouteMapView.swift */ = {isa = PBXFileReference; lastKnownFileType = sourcecode.swift; path = MiniRouteMapView.swift; sourceTree = "<group>"; };
		12AE06000000000000000001 /* SlideToEndSessionControl.swift */ = {isa = PBXFileReference; lastKnownFileType = sourcecode.swift; path = SlideToEndSessionControl.swift; sourceTree = "<group>"; };
		12AE07000000000000000001 /* InlineLiveMetricsView.swift */ = {isa = PBXFileReference; lastKnownFileType = sourcecode.swift; path = InlineLiveMetricsView.swift; sourceTree = "<group>"; };
		13AF01000000000000000001 /* Assets.xcassets */ = {isa = PBXFileReference; lastKnownFileType = folder.assetcatalog; path = Assets.xcassets; sourceTree = "<group>"; };
		13AF02000000000000000001 /* Assets.xcassets */ = {isa = PBXFileReference; lastKnownFileType = folder.assetcatalog; path = Assets.xcassets; sourceTree = "<group>"; };
		13AF03000000000000000001 /* Assets.xcassets */ = {isa = PBXFileReference; lastKnownFileType = folder.assetcatalog; path = Assets.xcassets; sourceTree = "<group>"; };
		13AF04000000000000000001 /* SkateTrack.icns */ = {isa = PBXFileReference; lastKnownFileType = image.icns; path = SkateTrack.icns; sourceTree = "<group>"; };
		14A000000000000000000001 /* SOSTriggerEvent.swift */ = {isa = PBXFileReference; lastKnownFileType = sourcecode.swift; path = SOSTriggerEvent.swift; sourceTree = "<group>"; };
		14A100000000000000000001 /* SOSEventDispatcher.swift */ = {isa = PBXFileReference; lastKnownFileType = sourcecode.swift; path = SOSEventDispatcher.swift; sourceTree = "<group>"; };
		14A101000000000000000001 /* SessionRecordingCoordinator+FallSafety.swift */ = {isa = PBXFileReference; lastKnownFileType = sourcecode.swift; path = "SessionRecordingCoordinator+FallSafety.swift"; sourceTree = "<group>"; };
		14A200000000000000000001 /* useFallDetection.swift */ = {isa = PBXFileReference; lastKnownFileType = sourcecode.swift; path = useFallDetection.swift; sourceTree = "<group>"; };
		14A300000000000000000001 /* FallDetectionAlertView.swift */ = {isa = PBXFileReference; lastKnownFileType = sourcecode.swift; path = FallDetectionAlertView.swift; sourceTree = "<group>"; };
		14A300000000000000000002 /* FallDetectionOverlayPresenter.swift */ = {isa = PBXFileReference; lastKnownFileType = sourcecode.swift; path = FallDetectionOverlayPresenter.swift; sourceTree = "<group>"; };
		14A400000000000000000001 /* LiveSpeedTraceView.swift */ = {isa = PBXFileReference; lastKnownFileType = sourcecode.swift; path = LiveSpeedTraceView.swift; sourceTree = "<group>"; };
		23A3A96761E5424BA8124DF4 /* SkateTrack-watchOS.app */ = {isa = PBXFileReference; explicitFileType = wrapper.application; includeInIndex = 0; path = "SkateTrack-watchOS.app"; sourceTree = BUILT_PRODUCTS_DIR; };
		6B9FEAB0565C78C0A163ECF7 /* SkateTrackWatchApp.swift */ = {isa = PBXFileReference; lastKnownFileType = sourcecode.swift; path = SkateTrackWatchApp.swift; sourceTree = "<group>"; };
		6DCBF0B258C0606469DD1AA3 /* SkateTrackMacApp.swift */ = {isa = PBXFileReference; lastKnownFileType = sourcecode.swift; path = SkateTrackMacApp.swift; sourceTree = "<group>"; };
		7F7BF9BD18DF80222D528D3C /* AppConstants.swift */ = {isa = PBXFileReference; lastKnownFileType = sourcecode.swift; path = AppConstants.swift; sourceTree = "<group>"; };
		A991274AD53212097B6F7721 /* SkateTrackApp.swift */ = {isa = PBXFileReference; lastKnownFileType = sourcecode.swift; path = SkateTrackApp.swift; sourceTree = "<group>"; };
		BA60AB4DF51DA50C4BB519EE /* SkateTrack-macOS.app */ = {isa = PBXFileReference; explicitFileType = wrapper.application; includeInIndex = 0; path = "SkateTrack-macOS.app"; sourceTree = BUILT_PRODUCTS_DIR; };
		CB46CFEA29FB7D1D627BCC51 /* SkateTrack-iOS.app */ = {isa = PBXFileReference; explicitFileType = wrapper.application; includeInIndex = 0; path = "SkateTrack-iOS.app"; sourceTree = BUILT_PRODUCTS_DIR; };
/* End PBXFileReference section */

/* Begin PBXFrameworksBuildPhase section */
		107C3DEEB19B7D4669BACD4A /* Frameworks */ = {
			isa = PBXFrameworksBuildPhase;
			buildActionMask = 2147483647;
			files = (
			);
			runOnlyForDeploymentPostprocessing = 0;
		};
		12AC00000000000000000201 /* Frameworks */ = {
			isa = PBXFrameworksBuildPhase;
			buildActionMask = 2147483647;
			files = (
			);
			runOnlyForDeploymentPostprocessing = 0;
		};
		3A1237D03908322ABC695769 /* Frameworks */ = {
			isa = PBXFrameworksBuildPhase;
			buildActionMask = 2147483647;
			files = (
			);
			runOnlyForDeploymentPostprocessing = 0;
		};
		EDE998383CD5AFC847FA492A /* Frameworks */ = {
			isa = PBXFrameworksBuildPhase;
			buildActionMask = 2147483647;
			files = (
			);
			runOnlyForDeploymentPostprocessing = 0;
		};
/* End PBXFrameworksBuildPhase section */

/* Begin PBXGroup section */
		12A200000000000000000006 /* Constants */ = {
			isa = PBXGroup;
			children = (
				7F7BF9BD18DF80222D528D3C /* AppConstants.swift */,
				12A400000000000000000001 /* FeatureFlags.swift */,
			);
			path = Constants;
			sourceTree = "<group>";
		};
		12A200000000000000000007 /* Localization */ = {
			isa = PBXGroup;
			children = (
				12A200000000000000000005 /* Localizable.strings */,
				12A600000000000000000005 /* InfoPlist.strings */,
			);
			path = Localization;
			sourceTree = "<group>";
		};
		12A200000000000000000008 /* Utilities */ = {
			isa = PBXGroup;
			children = (
				12A200000000000000000001 /* UnitFormatter.swift */,
				12A200000000000000000002 /* NumberFormatter+SkateTrack.swift */,
			);
			path = Utilities;
			sourceTree = "<group>";
		};
		12A30000000000000000000B /* Models */ = {
			isa = PBXGroup;
			children = (
				12A300000000000000000001 /* SessionData.swift */,
				12A300000000000000000002 /* SportMode.swift */,
				12A300000000000000000003 /* PowerType.swift */,
				12A300000000000000000004 /* MotionSample.swift */,
				12A300000000000000000005 /* TrickEvent.swift */,
				12A300000000000000000006 /* FallEvent.swift */,
				14A000000000000000000001 /* SOSTriggerEvent.swift */,
				12A300000000000000000007 /* EquipmentProfile.swift */,
				12A300000000000000000008 /* SpotProfile.swift */,
				12AB05000000000000000001 /* SessionSummaryMetrics.swift */,
			);
			path = Models;
			sourceTree = "<group>";
		};
		12A30000000000000000000C /* Protocols */ = {
			isa = PBXGroup;
			children = (
				12A300000000000000000009 /* SensorProvider.swift */,
				12A30000000000000000000A /* SyncProvider.swift */,
			);
			path = Protocols;
			sourceTree = "<group>";
		};
		12A400000000000000000004 /* iOS/Core/Subscription */ = {
			isa = PBXGroup;
			children = (
				12A400000000000000000002 /* FeatureFlagEngine.swift */,
			);
			path = iOS/Core/Subscription;
			sourceTree = SOURCE_ROOT;
		};
		12A400000000000000000005 /* iOS/Hooks */ = {
			isa = PBXGroup;
			children = (
				12A400000000000000000003 /* useSubscriptionStatus.swift */,
				12AB04000000000000000001 /* useSessionRecording.swift */,
				14A200000000000000000001 /* useFallDetection.swift */,
			);
			path = iOS/Hooks;
			sourceTree = SOURCE_ROOT;
		};
		12A600000000000000000006 /* iOS/Core/SensorEngine */ = {
			isa = PBXGroup;
			children = (
				12A600000000000000000001 /* GPSProvider.swift */,
				12A600000000000000000002 /* GPSAuthorizationHandler.swift */,
				12A700000000000000000001 /* IMUProvider.swift */,
				12A800000000000000000001 /* BarometerProvider.swift */,
				12A900000000000000000001 /* SensorFusionEngine.swift */,
				12A900000000000000000002 /* SensorCalibrationEngine.swift */,
				12AA00000000000000000001 /* FallDetectionEngine.swift */,
			);
			path = iOS/Core/SensorEngine;
			sourceTree = SOURCE_ROOT;
		};
		12AB00000000000000000001 /* iOS/Core/SessionRecording */ = {
			isa = PBXGroup;
			children = (
				12AB01000000000000000001 /* SessionStateMachine.swift */,
				12AB02000000000000000001 /* SessionMetricsAccumulator.swift */,
				12AB03000000000000000001 /* SessionRecordingCoordinator.swift */,
			);
			path = iOS/Core/SessionRecording;
			sourceTree = SOURCE_ROOT;
		};
		12AC02000000000000000001 /* iOSTests */ = {
			isa = PBXGroup;
			children = (
				12AC01000000000000000001 /* SessionRecordingCoordinatorTests.swift */,
			);
			path = iOSTests;
			sourceTree = "<group>";
		};
		12AD00000000000000000011 /* iOS/Features/SessionRecording */ = {
			isa = PBXGroup;
			children = (
				12AD02000000000000000001 /* SessionStartView.swift */,
				12AD03000000000000000001 /* SportCategoryPickerView.swift */,
				12AD04000000000000000001 /* BoardModeSelectorView.swift */,
				12AD05000000000000000001 /* InlineModeSelectorView.swift */,
				12AD06000000000000000001 /* PowerTypeToggleView.swift */,
				12AD07000000000000000001 /* ModeSelectionCardView.swift */,
				12AD08000000000000000001 /* StartSessionCTAView.swift */,
				12AE01000000000000000001 /* LiveHUDView.swift */,
				12AE02000000000000000001 /* LiveHUDMetricCardView.swift */,
				12AE03000000000000000001 /* LiveSpeedDisplayView.swift */,
				14A400000000000000000001 /* LiveSpeedTraceView.swift */,
				12AE04000000000000000001 /* TiltIndicatorView.swift */,
				12AE05000000000000000001 /* MiniRouteMapView.swift */,
				12AE06000000000000000001 /* SlideToEndSessionControl.swift */,
				12AE07000000000000000001 /* InlineLiveMetricsView.swift */,
			);
			path = iOS/Features/SessionRecording;
			sourceTree = SOURCE_ROOT;
		};
		14A100000000000000000000 /* iOS/Core/Safety */ = {
			isa = PBXGroup;
			children = (
				14A100000000000000000001 /* SOSEventDispatcher.swift */,
				14A101000000000000000001 /* SessionRecordingCoordinator+FallSafety.swift */,
			);
			path = iOS/Core/Safety;
			sourceTree = SOURCE_ROOT;
		};
		14A300000000000000000000 /* iOS/Features/FallDetection */ = {
			isa = PBXGroup;
			children = (
				14A300000000000000000001 /* FallDetectionAlertView.swift */,
				14A300000000000000000002 /* FallDetectionOverlayPresenter.swift */,
			);
			path = iOS/Features/FallDetection;
			sourceTree = SOURCE_ROOT;
		};
		3963F8F31F93F511E309A0BF /* scripts */ = {
			isa = PBXGroup;
			children = (
			);
			path = scripts;
			sourceTree = SOURCE_ROOT;
		};
		8EC3D2CF02A3326DF14F23BF /* watchOS/App */ = {
			isa = PBXGroup;
			children = (
				6B9FEAB0565C78C0A163ECF7 /* SkateTrackWatchApp.swift */,
				13AF02000000000000000001 /* Assets.xcassets */,
			);
			path = watchOS/App;
			sourceTree = SOURCE_ROOT;
		};
		AA3E9A5944CB760F04640508 = {
			isa = PBXGroup;
			children = (
				F5168E4BB74FFD31A60E8CE0 /* Shared */,
				D3E87B7133C8F3A255023A90 /* iOS/App */,
				12A400000000000000000004 /* iOS/Core/Subscription */,
				12A600000000000000000006 /* iOS/Core/SensorEngine */,
				12AB00000000000000000001 /* iOS/Core/SessionRecording */,
				14A100000000000000000000 /* iOS/Core/Safety */,
				12A400000000000000000005 /* iOS/Hooks */,
				12AD00000000000000000011 /* iOS/Features/SessionRecording */,
				14A300000000000000000000 /* iOS/Features/FallDetection */,
				8EC3D2CF02A3326DF14F23BF /* watchOS/App */,
				BB66BE6E71B096E496503051 /* macOS/App */,
				E1B7981D5F0CC62B8BC6C4A0 /* Tests */,
				DA3F5B38A0177725491BBD32 /* docs */,
				3963F8F31F93F511E309A0BF /* scripts */,
				DB0FE2794C17B0CCB9393690 /* Products */,
			);
			sourceTree = "<group>";
		};
		BB66BE6E71B096E496503051 /* macOS/App */ = {
			isa = PBXGroup;
			children = (
				6DCBF0B258C0606469DD1AA3 /* SkateTrackMacApp.swift */,
				13AF03000000000000000001 /* Assets.xcassets */,
				13AF04000000000000000001 /* SkateTrack.icns */,
			);
			path = macOS/App;
			sourceTree = SOURCE_ROOT;
		};
		D3E87B7133C8F3A255023A90 /* iOS/App */ = {
			isa = PBXGroup;
			children = (
				A991274AD53212097B6F7721 /* SkateTrackApp.swift */,
				12AD01000000000000000001 /* RootNavigationView.swift */,
				13AF01000000000000000001 /* Assets.xcassets */,
			);
			path = iOS/App;
			sourceTree = SOURCE_ROOT;
		};
		DA3F5B38A0177725491BBD32 /* docs */ = {
			isa = PBXGroup;
			children = (
			);
			path = docs;
			sourceTree = SOURCE_ROOT;
		};
		DB0FE2794C17B0CCB9393690 /* Products */ = {
			isa = PBXGroup;
			children = (
				CB46CFEA29FB7D1D627BCC51 /* SkateTrack-iOS.app */,
				12AC00000000000000000001 /* SkateTrack-iOSTests.xctest */,
				23A3A96761E5424BA8124DF4 /* SkateTrack-watchOS.app */,
				BA60AB4DF51DA50C4BB519EE /* SkateTrack-macOS.app */,
			);
			name = Products;
			sourceTree = "<group>";
		};
		E1B7981D5F0CC62B8BC6C4A0 /* Tests */ = {
			isa = PBXGroup;
			children = (
				12AC02000000000000000001 /* iOSTests */,
			);
			path = Tests;
			sourceTree = SOURCE_ROOT;
		};
		F5168E4BB74FFD31A60E8CE0 /* Shared */ = {
			isa = PBXGroup;
			children = (
				12A200000000000000000006 /* Constants */,
				12A30000000000000000000B /* Models */,
				12A30000000000000000000C /* Protocols */,
				12A200000000000000000007 /* Localization */,
				12A200000000000000000008 /* Utilities */,
			);
			path = Shared;
			sourceTree = SOURCE_ROOT;
		};
/* End PBXGroup section */

/* Begin PBXNativeTarget section */
		12AC00000000000000000101 /* SkateTrack-iOSTests */ = {
			isa = PBXNativeTarget;
			buildConfigurationList = 12AC00000000000000000301 /* Build configuration list for PBXNativeTarget "SkateTrack-iOSTests" */;
			buildPhases = (
				12AC00000000000000000401 /* Sources */,
				12AC00000000000000000201 /* Frameworks */,
			);
			buildRules = (
			);
			dependencies = (
				12AC00000000000000000501 /* PBXTargetDependency */,
			);
			name = "SkateTrack-iOSTests";
			packageProductDependencies = (
			);
			productName = "SkateTrack-iOSTests";
			productReference = 12AC00000000000000000001 /* SkateTrack-iOSTests.xctest */;
			productType = "com.apple.product-type.bundle.unit-test";
		};
		48B69A8CFEFBF3E402EC6500 /* SkateTrack-watchOS */ = {
			isa = PBXNativeTarget;
			buildConfigurationList = 69AD211194AA945008A85444 /* Build configuration list for PBXNativeTarget "SkateTrack-watchOS" */;
			buildPhases = (
				ED9AF23D1D970FDDE003E284 /* Sources */,
				3A1237D03908322ABC695769 /* Frameworks */,
				B3C398016D6DEC6FC2AE0CDC /* Resources */,
			);
			buildRules = (
			);
			dependencies = (
			);
			name = "SkateTrack-watchOS";
			packageProductDependencies = (
			);
			productName = "SkateTrack-watchOS";
			productReference = 23A3A96761E5424BA8124DF4 /* SkateTrack-watchOS.app */;
			productType = "com.apple.product-type.application";
		};
		6EF344145815B7E47CBF538D /* SkateTrack-macOS */ = {
			isa = PBXNativeTarget;
			buildConfigurationList = 3F55D69A043F1FC7A3559BB5 /* Build configuration list for PBXNativeTarget "SkateTrack-macOS" */;
			buildPhases = (
				A2EF5573281ED5113A3645DD /* Sources */,
				107C3DEEB19B7D4669BACD4A /* Frameworks */,
				B4D4AE488B79C2877CF61ED1 /* Resources */,
			);
			buildRules = (
			);
			dependencies = (
			);
			name = "SkateTrack-macOS";
			packageProductDependencies = (
			);
			productName = "SkateTrack-macOS";
			productReference = BA60AB4DF51DA50C4BB519EE /* SkateTrack-macOS.app */;
			productType = "com.apple.product-type.application";
		};
		F5A9DC98C215C4019ED77B35 /* SkateTrack-iOS */ = {
			isa = PBXNativeTarget;
			buildConfigurationList = 712330F37F9C1DA0AD88B2CC /* Build configuration list for PBXNativeTarget "SkateTrack-iOS" */;
			buildPhases = (
				2EAF53E66952909850FC43F9 /* Sources */,
				EDE998383CD5AFC847FA492A /* Frameworks */,
				D42D017734D699577CFB8200 /* Resources */,
			);
			buildRules = (
			);
			dependencies = (
			);
			name = "SkateTrack-iOS";
			packageProductDependencies = (
			);
			productName = "SkateTrack-iOS";
			productReference = CB46CFEA29FB7D1D627BCC51 /* SkateTrack-iOS.app */;
			productType = "com.apple.product-type.application";
		};
/* End PBXNativeTarget section */

/* Begin PBXProject section */
		0F7C355FAF8ABA9345D359A0 /* Project object */ = {
			isa = PBXProject;
			attributes = {
				BuildIndependentTargetsInParallel = 1;
				LastSwiftUpdateCheck = 2600;
				LastUpgradeCheck = 2600;
				TargetAttributes = {
					12AC00000000000000000101 = {
						CreatedOnToolsVersion = 26.0;
						TestTargetID = F5A9DC98C215C4019ED77B35;
					};
					48B69A8CFEFBF3E402EC6500 = {
						CreatedOnToolsVersion = 26.0;
					};
					6EF344145815B7E47CBF538D = {
						CreatedOnToolsVersion = 26.0;
					};
					F5A9DC98C215C4019ED77B35 = {
						CreatedOnToolsVersion = 26.0;
					};
				};
			};
			buildConfigurationList = 6BC2077449E9DFC2234D689D /* Build configuration list for PBXProject "SkateTrack" */;
			compatibilityVersion = "Xcode 15.0";
			developmentRegion = en;
			hasScannedForEncodings = 0;
			knownRegions = (
				en,
				Base,
				"zh-Hant",
			);
			mainGroup = AA3E9A5944CB760F04640508;
			packageReferences = (
			);
			productRefGroup = DB0FE2794C17B0CCB9393690 /* Products */;
			projectDirPath = "";
			projectRoot = "";
			targets = (
				F5A9DC98C215C4019ED77B35 /* SkateTrack-iOS */,
				12AC00000000000000000101 /* SkateTrack-iOSTests */,
				48B69A8CFEFBF3E402EC6500 /* SkateTrack-watchOS */,
				6EF344145815B7E47CBF538D /* SkateTrack-macOS */,
			);
		};
/* End PBXProject section */

/* Begin PBXResourcesBuildPhase section */
		B3C398016D6DEC6FC2AE0CDC /* Resources */ = {
			isa = PBXResourcesBuildPhase;
			buildActionMask = 2147483647;
			files = (
				12A200000000000000000010 /* Localizable.strings in Resources */,
				13AF02000000000000000101 /* Assets.xcassets in Resources */,
			);
			runOnlyForDeploymentPostprocessing = 0;
		};
		B4D4AE488B79C2877CF61ED1 /* Resources */ = {
			isa = PBXResourcesBuildPhase;
			buildActionMask = 2147483647;
			files = (
				12A200000000000000000011 /* Localizable.strings in Resources */,
				13AF03000000000000000101 /* Assets.xcassets in Resources */,
				13AF04000000000000000101 /* SkateTrack.icns in Resources */,
			);
			runOnlyForDeploymentPostprocessing = 0;
		};
		D42D017734D699577CFB8200 /* Resources */ = {
			isa = PBXResourcesBuildPhase;
			buildActionMask = 2147483647;
			files = (
				12A20000000000000000000F /* Localizable.strings in Resources */,
				13AF01000000000000000101 /* Assets.xcassets in Resources */,
				13B001000000000000000101 /* (null) in Resources */,
				12A600000000000000000103 /* InfoPlist.strings in Resources */,
			);
			runOnlyForDeploymentPostprocessing = 0;
		};
/* End PBXResourcesBuildPhase section */

/* Begin PBXSourcesBuildPhase section */
		12AC00000000000000000401 /* Sources */ = {
			isa = PBXSourcesBuildPhase;
			buildActionMask = 2147483647;
			files = (
				12AC01000000000000000101 /* SessionRecordingCoordinatorTests.swift in Sources */,
			);
			runOnlyForDeploymentPostprocessing = 0;
		};
		2EAF53E66952909850FC43F9 /* Sources */ = {
			isa = PBXSourcesBuildPhase;
			buildActionMask = 2147483647;
			files = (
				A5EDE9E266C22891B6E0BDBA /* SkateTrackApp.swift in Sources */,
				12AD01000000000000000101 /* RootNavigationView.swift in Sources */,
				12AD02000000000000000101 /* SessionStartView.swift in Sources */,
				12AD03000000000000000101 /* SportCategoryPickerView.swift in Sources */,
				12AD04000000000000000101 /* BoardModeSelectorView.swift in Sources */,
				12AD05000000000000000101 /* InlineModeSelectorView.swift in Sources */,
				12AD06000000000000000101 /* PowerTypeToggleView.swift in Sources */,
				12AD07000000000000000101 /* ModeSelectionCardView.swift in Sources */,
				12AD08000000000000000101 /* StartSessionCTAView.swift in Sources */,
				12AE01000000000000000101 /* LiveHUDView.swift in Sources */,
				12AE02000000000000000101 /* LiveHUDMetricCardView.swift in Sources */,
				12AE03000000000000000101 /* LiveSpeedDisplayView.swift in Sources */,
				14A400000000000000000101 /* LiveSpeedTraceView.swift in Sources */,
				12AE04000000000000000101 /* TiltIndicatorView.swift in Sources */,
				12AE05000000000000000101 /* MiniRouteMapView.swift in Sources */,
				12AE06000000000000000101 /* SlideToEndSessionControl.swift in Sources */,
				12AE07000000000000000101 /* InlineLiveMetricsView.swift in Sources */,
				BF27EA674B71CDCF634EDDA7 /* AppConstants.swift in Sources */,
				12A400000000000000000101 /* FeatureFlags.swift in Sources */,
				12A400000000000000000104 /* FeatureFlagEngine.swift in Sources */,
				12A400000000000000000105 /* useSubscriptionStatus.swift in Sources */,
				12A600000000000000000101 /* GPSProvider.swift in Sources */,
				12A600000000000000000102 /* GPSAuthorizationHandler.swift in Sources */,
				12A700000000000000000101 /* IMUProvider.swift in Sources */,
				12A800000000000000000101 /* BarometerProvider.swift in Sources */,
				12A900000000000000000101 /* SensorFusionEngine.swift in Sources */,
				12A900000000000000000102 /* SensorCalibrationEngine.swift in Sources */,
				12AA00000000000000000101 /* FallDetectionEngine.swift in Sources */,
				12AB01000000000000000101 /* SessionStateMachine.swift in Sources */,
				12AB02000000000000000101 /* SessionMetricsAccumulator.swift in Sources */,
				12AB03000000000000000101 /* SessionRecordingCoordinator.swift in Sources */,
				12AB04000000000000000101 /* useSessionRecording.swift in Sources */,
				14A200000000000000000101 /* useFallDetection.swift in Sources */,
				14A100000000000000000101 /* SOSEventDispatcher.swift in Sources */,
				14A101000000000000000101 /* SessionRecordingCoordinator+FallSafety.swift in Sources */,
				14A300000000000000000101 /* FallDetectionAlertView.swift in Sources */,
				14A300000000000000000102 /* FallDetectionOverlayPresenter.swift in Sources */,
				12AB05000000000000000101 /* SessionSummaryMetrics.swift in Sources */,
				12A200000000000000000009 /* UnitFormatter.swift in Sources */,
				12A20000000000000000000C /* NumberFormatter+SkateTrack.swift in Sources */,
				12A300000000000000000101 /* SessionData.swift in Sources */,
				12A300000000000000000104 /* SportMode.swift in Sources */,
				12A300000000000000000107 /* PowerType.swift in Sources */,
				12A30000000000000000010A /* MotionSample.swift in Sources */,
				12A30000000000000000010D /* TrickEvent.swift in Sources */,
				12A300000000000000000110 /* FallEvent.swift in Sources */,
				14A000000000000000000101 /* SOSTriggerEvent.swift in Sources */,
				12A300000000000000000113 /* EquipmentProfile.swift in Sources */,
				12A300000000000000000116 /* SpotProfile.swift in Sources */,
				12A300000000000000000119 /* SensorProvider.swift in Sources */,
				12A30000000000000000011C /* SyncProvider.swift in Sources */,
			);
			runOnlyForDeploymentPostprocessing = 0;
		};
		A2EF5573281ED5113A3645DD /* Sources */ = {
			isa = PBXSourcesBuildPhase;
			buildActionMask = 2147483647;
			files = (
				261DE15AD20A8E84D69AE21D /* SkateTrackMacApp.swift in Sources */,
				6DD447ACB8B935A72A7989B5 /* AppConstants.swift in Sources */,
				12A400000000000000000103 /* FeatureFlags.swift in Sources */,
				12A20000000000000000000B /* UnitFormatter.swift in Sources */,
				12A20000000000000000000E /* NumberFormatter+SkateTrack.swift in Sources */,
				12A300000000000000000103 /* SessionData.swift in Sources */,
				12A300000000000000000106 /* SportMode.swift in Sources */,
				12A300000000000000000109 /* PowerType.swift in Sources */,
				12A30000000000000000010C /* MotionSample.swift in Sources */,
				12A30000000000000000010F /* TrickEvent.swift in Sources */,
				12A300000000000000000112 /* FallEvent.swift in Sources */,
				14A000000000000000000103 /* SOSTriggerEvent.swift in Sources */,
				12A300000000000000000115 /* EquipmentProfile.swift in Sources */,
				12A300000000000000000118 /* SpotProfile.swift in Sources */,
				12AB05000000000000000103 /* SessionSummaryMetrics.swift in Sources */,
				12A30000000000000000011B /* SensorProvider.swift in Sources */,
				12A30000000000000000011E /* SyncProvider.swift in Sources */,
			);
			runOnlyForDeploymentPostprocessing = 0;
		};
		ED9AF23D1D970FDDE003E284 /* Sources */ = {
			isa = PBXSourcesBuildPhase;
			buildActionMask = 2147483647;
			files = (
				4B757BBB72A1EFB7D86BCE02 /* SkateTrackWatchApp.swift in Sources */,
				39B60F8F07E5CB037565CB72 /* AppConstants.swift in Sources */,
				12A400000000000000000102 /* FeatureFlags.swift in Sources */,
				12A20000000000000000000A /* UnitFormatter.swift in Sources */,
				12A20000000000000000000D /* NumberFormatter+SkateTrack.swift in Sources */,
				12A300000000000000000102 /* SessionData.swift in Sources */,
				12A300000000000000000105 /* SportMode.swift in Sources */,
				12A300000000000000000108 /* PowerType.swift in Sources */,
				12A30000000000000000010B /* MotionSample.swift in Sources */,
				12A30000000000000000010E /* TrickEvent.swift in Sources */,
				12A300000000000000000111 /* FallEvent.swift in Sources */,
				14A000000000000000000102 /* SOSTriggerEvent.swift in Sources */,
				12A300000000000000000114 /* EquipmentProfile.swift in Sources */,
				12A300000000000000000117 /* SpotProfile.swift in Sources */,
				12AB05000000000000000102 /* SessionSummaryMetrics.swift in Sources */,
				12A30000000000000000011A /* SensorProvider.swift in Sources */,
				12A30000000000000000011D /* SyncProvider.swift in Sources */,
			);
			runOnlyForDeploymentPostprocessing = 0;
		};
/* End PBXSourcesBuildPhase section */

/* Begin PBXTargetDependency section */
		12AC00000000000000000501 /* PBXTargetDependency */ = {
			isa = PBXTargetDependency;
			target = F5A9DC98C215C4019ED77B35 /* SkateTrack-iOS */;
			targetProxy = 12AC00000000000000000601 /* PBXContainerItemProxy */;
		};
/* End PBXTargetDependency section */

/* Begin PBXVariantGroup section */
		12A200000000000000000005 /* Localizable.strings */ = {
			isa = PBXVariantGroup;
			children = (
				12A200000000000000000003 /* en */,
				12A200000000000000000004 /* zh-Hant */,
			);
			name = Localizable.strings;
			sourceTree = "<group>";
		};
		12A600000000000000000005 /* InfoPlist.strings */ = {
			isa = PBXVariantGroup;
			children = (
				12A600000000000000000003 /* en */,
				12A600000000000000000004 /* zh-Hant */,
			);
			name = InfoPlist.strings;
			sourceTree = "<group>";
		};
/* End PBXVariantGroup section */

/* Begin XCBuildConfiguration section */
		0405AECF8DC0647A70DD743F /* Debug */ = {
			isa = XCBuildConfiguration;
			buildSettings = {
				ASSETCATALOG_COMPILER_APPICON_NAME = AppIcon;
				ASSETCATALOG_COMPILER_GENERATE_SWIFT_ASSET_SYMBOL_EXTENSIONS = YES;
				ASSETCATALOG_COMPILER_INCLUDE_ALL_APPICON_ASSETS = YES;
				CODE_SIGN_STYLE = Automatic;
				COMBINE_HIDPI_IMAGES = YES;
				CURRENT_PROJECT_VERSION = 1;
				DEVELOPMENT_TEAM = "";
				ENABLE_HARDENED_RUNTIME = YES;
				ENABLE_PREVIEWS = YES;
				GENERATE_INFOPLIST_FILE = YES;
				INFOPLIST_KEY_CFBundleIconFile = SkateTrack;
				INFOPLIST_KEY_CFBundleIconName = AppIcon;
				MACOSX_DEPLOYMENT_TARGET = 14.0;
				MARKETING_VERSION = 0.1.0;
				PRODUCT_BUNDLE_IDENTIFIER = com.jjf.skatetrack.mac;
				PRODUCT_NAME = "$(TARGET_NAME)";
				SDKROOT = macosx;
				SUPPORTED_PLATFORMS = macosx;
				SWIFT_VERSION = 5.9;
			};
			name = Debug;
		};
		12841EF75074AC70BEFB9B23 /* Debug */ = {
			isa = XCBuildConfiguration;
			buildSettings = {
				ASSETCATALOG_COMPILER_APPICON_NAME = AppIcon;
				ASSETCATALOG_COMPILER_GENERATE_SWIFT_ASSET_SYMBOL_EXTENSIONS = YES;
				ASSETCATALOG_COMPILER_INCLUDE_ALL_APPICON_ASSETS = YES;
				CODE_SIGN_STYLE = Automatic;
				CURRENT_PROJECT_VERSION = 1;
				DEVELOPMENT_TEAM = "";
				ENABLE_PREVIEWS = YES;
				GENERATE_INFOPLIST_FILE = YES;
				INFOPLIST_KEY_CFBundleIconName = AppIcon;
				INFOPLIST_KEY_WKApplication = YES;
				INFOPLIST_KEY_WKWatchOnly = YES;
				MARKETING_VERSION = 0.1.0;
				PRODUCT_BUNDLE_IDENTIFIER = com.jjf.skatetrack.watchkitapp;
				PRODUCT_NAME = "$(TARGET_NAME)";
				SDKROOT = watchos;
				SUPPORTED_PLATFORMS = "watchos watchsimulator";
				SWIFT_VERSION = 5.9;
				TARGETED_DEVICE_FAMILY = 4;
				WATCHOS_DEPLOYMENT_TARGET = 10.0;
			};
			name = Debug;
		};
		12AC00000000000000000701 /* Debug */ = {
			isa = XCBuildConfiguration;
			buildSettings = {
				BUNDLE_LOADER = "$(TEST_HOST)";
				CODE_SIGN_STYLE = Automatic;
				CURRENT_PROJECT_VERSION = 1;
				DEVELOPMENT_TEAM = "";
				GENERATE_INFOPLIST_FILE = YES;
				IPHONEOS_DEPLOYMENT_TARGET = 17.0;
				LD_RUNPATH_SEARCH_PATHS = (
					"$(inherited)",
					"@executable_path/Frameworks",
					"@loader_path/Frameworks",
				);
				MARKETING_VERSION = 0.1.0;
				PRODUCT_BUNDLE_IDENTIFIER = com.jjf.skatetrack.tests;
				PRODUCT_NAME = "$(TARGET_NAME)";
				SDKROOT = iphoneos;
				SUPPORTED_PLATFORMS = "iphoneos iphonesimulator";
				SWIFT_VERSION = 5.9;
				TARGETED_DEVICE_FAMILY = "1,2";
				TEST_HOST = "$(BUILT_PRODUCTS_DIR)/SkateTrack-iOS.app/$(BUNDLE_EXECUTABLE_FOLDER_PATH)/SkateTrack-iOS";
			};
			name = Debug;
		};
		12AC00000000000000000801 /* Release */ = {
			isa = XCBuildConfiguration;
			buildSettings = {
				BUNDLE_LOADER = "$(TEST_HOST)";
				CODE_SIGN_STYLE = Automatic;
				CURRENT_PROJECT_VERSION = 1;
				DEVELOPMENT_TEAM = "";
				GENERATE_INFOPLIST_FILE = YES;
				IPHONEOS_DEPLOYMENT_TARGET = 17.0;
				LD_RUNPATH_SEARCH_PATHS = (
					"$(inherited)",
					"@executable_path/Frameworks",
					"@loader_path/Frameworks",
				);
				MARKETING_VERSION = 0.1.0;
				PRODUCT_BUNDLE_IDENTIFIER = com.jjf.skatetrack.tests;
				PRODUCT_NAME = "$(TARGET_NAME)";
				SDKROOT = iphoneos;
				SUPPORTED_PLATFORMS = "iphoneos iphonesimulator";
				SWIFT_VERSION = 5.9;
				TARGETED_DEVICE_FAMILY = "1,2";
				TEST_HOST = "$(BUILT_PRODUCTS_DIR)/SkateTrack-iOS.app/$(BUNDLE_EXECUTABLE_FOLDER_PATH)/SkateTrack-iOS";
			};
			name = Release;
		};
		3BD34FD18B3AE0D318D4B1A4 /* Debug */ = {
			isa = XCBuildConfiguration;
			buildSettings = {
				ALWAYS_SEARCH_USER_PATHS = NO;
				CLANG_ANALYZER_NONNULL = YES;
				CLANG_ANALYZER_NUMBER_OBJECT_CONVERSION = YES_AGGRESSIVE;
				CLANG_CXX_LANGUAGE_STANDARD = "gnu++20";
				CLANG_ENABLE_MODULES = YES;
				CLANG_ENABLE_OBJC_ARC = YES;
				CLANG_ENABLE_OBJC_WEAK = YES;
				CLANG_WARN_BLOCK_CAPTURE_AUTORELEASING = YES;
				CLANG_WARN_BOOL_CONVERSION = YES;
				CLANG_WARN_COMMA = YES;
				CLANG_WARN_CONSTANT_CONVERSION = YES;
				CLANG_WARN_DEPRECATED_OBJC_IMPLEMENTATIONS = YES;
				CLANG_WARN_DIRECT_OBJC_ISA_USAGE = YES_ERROR;
				CLANG_WARN_DOCUMENTATION_COMMENTS = YES;
				CLANG_WARN_EMPTY_BODY = YES;
				CLANG_WARN_ENUM_CONVERSION = YES;
				CLANG_WARN_INFINITE_RECURSION = YES;
				CLANG_WARN_INT_CONVERSION = YES;
				CLANG_WARN_NON_LITERAL_NULL_CONVERSION = YES;
				CLANG_WARN_OBJC_IMPLICIT_RETAIN_SELF = YES;
				CLANG_WARN_OBJC_LITERAL_CONVERSION = YES;
				CLANG_WARN_OBJC_ROOT_CLASS = YES_ERROR;
				CLANG_WARN_QUOTED_INCLUDE_IN_FRAMEWORK_HEADER = YES;
				CLANG_WARN_RANGE_LOOP_ANALYSIS = YES;
				CLANG_WARN_STRICT_PROTOTYPES = YES;
				CLANG_WARN_SUSPICIOUS_MOVE = YES;
				CLANG_WARN_UNGUARDED_AVAILABILITY = YES_AGGRESSIVE;
				CLANG_WARN_UNREACHABLE_CODE = YES;
				CLANG_WARN__DUPLICATE_METHOD_MATCH = YES;
				COPY_PHASE_STRIP = NO;
				DEBUG_INFORMATION_FORMAT = dwarf;
				ENABLE_STRICT_OBJC_MSGSEND = YES;
				ENABLE_TESTABILITY = YES;
				ENABLE_USER_SCRIPT_SANDBOXING = YES;
				GCC_C_LANGUAGE_STANDARD = gnu17;
				GCC_DYNAMIC_NO_PIC = NO;
				GCC_NO_COMMON_BLOCKS = YES;
				GCC_OPTIMIZATION_LEVEL = 0;
				GCC_PREPROCESSOR_DEFINITIONS = (
					"DEBUG=1",
					"$(inherited)",
				);
				GCC_WARN_64_TO_32_BIT_CONVERSION = YES;
				GCC_WARN_ABOUT_RETURN_TYPE = YES_ERROR;
				GCC_WARN_UNDECLARED_SELECTOR = YES;
				GCC_WARN_UNINITIALIZED_AUTOS = YES_AGGRESSIVE;
				GCC_WARN_UNUSED_FUNCTION = YES;
				GCC_WARN_UNUSED_VARIABLE = YES;
				MTL_ENABLE_DEBUG_INFO = INCLUDE_SOURCE;
				MTL_FAST_MATH = YES;
				ONLY_ACTIVE_ARCH = YES;
				SWIFT_ACTIVE_COMPILATION_CONDITIONS = DEBUG;
				SWIFT_OPTIMIZATION_LEVEL = "-Onone";
				SWIFT_VERSION = 5.9;
			};
			name = Debug;
		};
		70F4173000E793A450D74922 /* Release */ = {
			isa = XCBuildConfiguration;
			buildSettings = {
				ASSETCATALOG_COMPILER_APPICON_NAME = AppIcon;
				ASSETCATALOG_COMPILER_GENERATE_SWIFT_ASSET_SYMBOL_EXTENSIONS = YES;
				ASSETCATALOG_COMPILER_INCLUDE_ALL_APPICON_ASSETS = YES;
				CODE_SIGN_STYLE = Automatic;
				CURRENT_PROJECT_VERSION = 1;
				DEVELOPMENT_TEAM = "";
				ENABLE_PREVIEWS = YES;
				GENERATE_INFOPLIST_FILE = YES;
				INFOPLIST_KEY_CFBundleIconName = AppIcon;
				INFOPLIST_KEY_WKApplication = YES;
				INFOPLIST_KEY_WKWatchOnly = YES;
				MARKETING_VERSION = 0.1.0;
				PRODUCT_BUNDLE_IDENTIFIER = com.jjf.skatetrack.watchkitapp;
				PRODUCT_NAME = "$(TARGET_NAME)";
				SDKROOT = watchos;
				SUPPORTED_PLATFORMS = "watchos watchsimulator";
				SWIFT_VERSION = 5.9;
				TARGETED_DEVICE_FAMILY = 4;
				WATCHOS_DEPLOYMENT_TARGET = 10.0;
			};
			name = Release;
		};
		82698E43B0DB10E4874FC1A6 /* Debug */ = {
			isa = XCBuildConfiguration;
			buildSettings = {
				ASSETCATALOG_COMPILER_APPICON_NAME = AppIcon;
				ASSETCATALOG_COMPILER_GENERATE_SWIFT_ASSET_SYMBOL_EXTENSIONS = YES;
				ASSETCATALOG_COMPILER_INCLUDE_ALL_APPICON_ASSETS = YES;
				CODE_SIGN_STYLE = Automatic;
				CURRENT_PROJECT_VERSION = 1;
				DEVELOPMENT_TEAM = "";
				ENABLE_PREVIEWS = YES;
				GENERATE_INFOPLIST_FILE = YES;
				INFOPLIST_KEY_CFBundleIconName = AppIcon;
				INFOPLIST_KEY_NSLocationAlwaysAndWhenInUseUsageDescription = "Background location access lets SkateTrack keep recording routes when the screen is off.";
				INFOPLIST_KEY_NSLocationWhenInUseUsageDescription = "SkateTrack needs location access to record your riding route.";
				INFOPLIST_KEY_UIApplicationSceneManifest_Generation = YES;
				INFOPLIST_KEY_UIApplicationSupportsIndirectInputEvents = YES;
				INFOPLIST_KEY_UILaunchStoryboardName = LaunchScreen;
				IPHONEOS_DEPLOYMENT_TARGET = 17.0;
				MARKETING_VERSION = 0.1.0;
				PRODUCT_BUNDLE_IDENTIFIER = com.jjf.skatetrack;
				PRODUCT_NAME = "$(TARGET_NAME)";
				SDKROOT = iphoneos;
				SUPPORTED_PLATFORMS = "iphoneos iphonesimulator";
				SWIFT_VERSION = 5.9;
				TARGETED_DEVICE_FAMILY = "1,2";
			};
			name = Debug;
		};
		8F9E1C296A8D29D702B21171 /* Release */ = {
			isa = XCBuildConfiguration;
			buildSettings = {
				ALWAYS_SEARCH_USER_PATHS = NO;
				CLANG_ANALYZER_NONNULL = YES;
				CLANG_ANALYZER_NUMBER_OBJECT_CONVERSION = YES_AGGRESSIVE;
				CLANG_CXX_LANGUAGE_STANDARD = "gnu++20";
				CLANG_ENABLE_MODULES = YES;
				CLANG_ENABLE_OBJC_ARC = YES;
				CLANG_ENABLE_OBJC_WEAK = YES;
				CLANG_WARN_BLOCK_CAPTURE_AUTORELEASING = YES;
				CLANG_WARN_BOOL_CONVERSION = YES;
				CLANG_WARN_COMMA = YES;
				CLANG_WARN_CONSTANT_CONVERSION = YES;
				CLANG_WARN_DEPRECATED_OBJC_IMPLEMENTATIONS = YES;
				CLANG_WARN_DIRECT_OBJC_ISA_USAGE = YES_ERROR;
				CLANG_WARN_DOCUMENTATION_COMMENTS = YES;
				CLANG_WARN_EMPTY_BODY = YES;
				CLANG_WARN_ENUM_CONVERSION = YES;
				CLANG_WARN_INFINITE_RECURSION = YES;
				CLANG_WARN_INT_CONVERSION = YES;
				CLANG_WARN_NON_LITERAL_NULL_CONVERSION = YES;
				CLANG_WARN_OBJC_IMPLICIT_RETAIN_SELF = YES;
				CLANG_WARN_OBJC_LITERAL_CONVERSION = YES;
				CLANG_WARN_OBJC_ROOT_CLASS = YES_ERROR;
				CLANG_WARN_QUOTED_INCLUDE_IN_FRAMEWORK_HEADER = YES;
				CLANG_WARN_RANGE_LOOP_ANALYSIS = YES;
				CLANG_WARN_STRICT_PROTOTYPES = YES;
				CLANG_WARN_SUSPICIOUS_MOVE = YES;
				CLANG_WARN_UNGUARDED_AVAILABILITY = YES_AGGRESSIVE;
				CLANG_WARN_UNREACHABLE_CODE = YES;
				CLANG_WARN__DUPLICATE_METHOD_MATCH = YES;
				COPY_PHASE_STRIP = NO;
				DEBUG_INFORMATION_FORMAT = "dwarf-with-dsym";
				ENABLE_NS_ASSERTIONS = NO;
				ENABLE_STRICT_OBJC_MSGSEND = YES;
				ENABLE_TESTABILITY = NO;
				ENABLE_USER_SCRIPT_SANDBOXING = YES;
				GCC_C_LANGUAGE_STANDARD = gnu17;
				GCC_DYNAMIC_NO_PIC = NO;
				GCC_NO_COMMON_BLOCKS = YES;
				GCC_OPTIMIZATION_LEVEL = s;
				GCC_PREPROCESSOR_DEFINITIONS = "$(inherited)";
				GCC_WARN_64_TO_32_BIT_CONVERSION = YES;
				GCC_WARN_ABOUT_RETURN_TYPE = YES_ERROR;
				GCC_WARN_UNDECLARED_SELECTOR = YES;
				GCC_WARN_UNINITIALIZED_AUTOS = YES_AGGRESSIVE;
				GCC_WARN_UNUSED_FUNCTION = YES;
				GCC_WARN_UNUSED_VARIABLE = YES;
				MTL_ENABLE_DEBUG_INFO = NO;
				MTL_FAST_MATH = YES;
				ONLY_ACTIVE_ARCH = NO;
				SWIFT_ACTIVE_COMPILATION_CONDITIONS = "";
				SWIFT_COMPILATION_MODE = wholemodule;
				SWIFT_OPTIMIZATION_LEVEL = "-O";
				SWIFT_VERSION = 5.9;
				VALIDATE_PRODUCT = YES;
			};
			name = Release;
		};
		D4D4C1715970BFE92A3D78C2 /* Release */ = {
			isa = XCBuildConfiguration;
			buildSettings = {
				ASSETCATALOG_COMPILER_APPICON_NAME = AppIcon;
				ASSETCATALOG_COMPILER_GENERATE_SWIFT_ASSET_SYMBOL_EXTENSIONS = YES;
				ASSETCATALOG_COMPILER_INCLUDE_ALL_APPICON_ASSETS = YES;
				CODE_SIGN_STYLE = Automatic;
				CURRENT_PROJECT_VERSION = 1;
				DEVELOPMENT_TEAM = "";
				ENABLE_PREVIEWS = YES;
				GENERATE_INFOPLIST_FILE = YES;
				INFOPLIST_KEY_CFBundleIconName = AppIcon;
				INFOPLIST_KEY_NSLocationAlwaysAndWhenInUseUsageDescription = "Background location access lets SkateTrack keep recording routes when the screen is off.";
				INFOPLIST_KEY_NSLocationWhenInUseUsageDescription = "SkateTrack needs location access to record your riding route.";
				INFOPLIST_KEY_UIApplicationSceneManifest_Generation = YES;
				INFOPLIST_KEY_UIApplicationSupportsIndirectInputEvents = YES;
				INFOPLIST_KEY_UILaunchStoryboardName = LaunchScreen;
				IPHONEOS_DEPLOYMENT_TARGET = 17.0;
				MARKETING_VERSION = 0.1.0;
				PRODUCT_BUNDLE_IDENTIFIER = com.jjf.skatetrack;
				PRODUCT_NAME = "$(TARGET_NAME)";
				SDKROOT = iphoneos;
				SUPPORTED_PLATFORMS = "iphoneos iphonesimulator";
				SWIFT_VERSION = 5.9;
				TARGETED_DEVICE_FAMILY = "1,2";
			};
			name = Release;
		};
		FA183D56793E312A3AD20523 /* Release */ = {
			isa = XCBuildConfiguration;
			buildSettings = {
				ASSETCATALOG_COMPILER_APPICON_NAME = AppIcon;
				ASSETCATALOG_COMPILER_GENERATE_SWIFT_ASSET_SYMBOL_EXTENSIONS = YES;
				ASSETCATALOG_COMPILER_INCLUDE_ALL_APPICON_ASSETS = YES;
				CODE_SIGN_STYLE = Automatic;
				COMBINE_HIDPI_IMAGES = YES;
				CURRENT_PROJECT_VERSION = 1;
				DEVELOPMENT_TEAM = "";
				ENABLE_HARDENED_RUNTIME = YES;
				ENABLE_PREVIEWS = YES;
				GENERATE_INFOPLIST_FILE = YES;
				INFOPLIST_KEY_CFBundleIconFile = SkateTrack;
				INFOPLIST_KEY_CFBundleIconName = AppIcon;
				MACOSX_DEPLOYMENT_TARGET = 14.0;
				MARKETING_VERSION = 0.1.0;
				PRODUCT_BUNDLE_IDENTIFIER = com.jjf.skatetrack.mac;
				PRODUCT_NAME = "$(TARGET_NAME)";
				SDKROOT = macosx;
				SUPPORTED_PLATFORMS = macosx;
				SWIFT_VERSION = 5.9;
			};
			name = Release;
		};
/* End XCBuildConfiguration section */

/* Begin XCConfigurationList section */
		12AC00000000000000000301 /* Build configuration list for PBXNativeTarget "SkateTrack-iOSTests" */ = {
			isa = XCConfigurationList;
			buildConfigurations = (
				12AC00000000000000000701 /* Debug */,
				12AC00000000000000000801 /* Release */,
			);
			defaultConfigurationIsVisible = 0;
			defaultConfigurationName = Release;
		};
		3F55D69A043F1FC7A3559BB5 /* Build configuration list for PBXNativeTarget "SkateTrack-macOS" */ = {
			isa = XCConfigurationList;
			buildConfigurations = (
				0405AECF8DC0647A70DD743F /* Debug */,
				FA183D56793E312A3AD20523 /* Release */,
			);
			defaultConfigurationIsVisible = 0;
			defaultConfigurationName = Release;
		};
		69AD211194AA945008A85444 /* Build configuration list for PBXNativeTarget "SkateTrack-watchOS" */ = {
			isa = XCConfigurationList;
			buildConfigurations = (
				12841EF75074AC70BEFB9B23 /* Debug */,
				70F4173000E793A450D74922 /* Release */,
			);
			defaultConfigurationIsVisible = 0;
			defaultConfigurationName = Release;
		};
		6BC2077449E9DFC2234D689D /* Build configuration list for PBXProject "SkateTrack" */ = {
			isa = XCConfigurationList;
			buildConfigurations = (
				3BD34FD18B3AE0D318D4B1A4 /* Debug */,
				8F9E1C296A8D29D702B21171 /* Release */,
			);
			defaultConfigurationIsVisible = 0;
			defaultConfigurationName = Release;
		};
		712330F37F9C1DA0AD88B2CC /* Build configuration list for PBXNativeTarget "SkateTrack-iOS" */ = {
			isa = XCConfigurationList;
			buildConfigurations = (
				82698E43B0DB10E4874FC1A6 /* Debug */,
				D4D4C1715970BFE92A3D78C2 /* Release */,
			);
			defaultConfigurationIsVisible = 0;
			defaultConfigurationName = Release;
		};
/* End XCConfigurationList section */
	};
	rootObject = 0F7C355FAF8ABA9345D359A0 /* Project object */;
}
